github.com/eclipse/paho.mqtt.golang v1.2.0 h1:1F8mhG9+aO5/xpdtFkW4SxOJB67ukuDC3t2y2qayIX0=
github.com/eclipse/paho.mqtt.golang v1.2.0/go.mod h1:H9keYFcgq3Qr5OUJm/JZI/i6U7joQ8SYLhZwfeOo6Ts=
github.com/google/uuid v1.1.1 h1:Gkbcsh/GbpXz7lPftLA3P6TYMwjCLYm83jiFQZF/3gY=
github.com/google/uuid v1.1.1/go.mod h1:TIyPZe4MgqvfeYDBFedMoGGpEw/LqOeaOT+nhxU+yHo=
github.com/paypal/go.crypto v0.1.0 h1:AZpk8Bh205QEIFYVkOjxTsi44ondifCryDhq3Ah7gHY=
github.com/paypal/go.crypto v0.1.0/go.mod h1:SkWGgUAivahcWkhrh1+u2TdpofifG/A2vNpmnhT4oHY=
github.com/ubirch/ubirch-go-c8y-client/c8y v0.1.1 h1:Zjhxnnb8XFJrPimqq1/eoNeh5t2SCNYM75fxOS2Isrc=
github.com/ubirch/ubirch-go-c8y-client/c8y v0.1.1/go.mod h1:aXM3iRQbDp41tJSBlZrphNN+v1UE1qbZPb1Gz47CV7s=
github.com/ubirch/ubirch-go-http-server/api v0.1.0 h1:Lcwcc8aBmUi8ggGq+EPHRSGhYny0eYGxSYBcRBzhua4=
github.com/ubirch/ubirch-go-http-server/api v0.1.0/go.mod h1:hI7Tzq7sO3AOsQflitjqUVat80VIwT22tYcPK4hiUg8=
github.com/ubirch/ubirch-protocol-go/ubirch/v2 v2.0.2 h1:VX4dZHc/iJG2oCiPq+Ke4Y1i6UqzfbX5YnfIU7kTuLY=
github.com/ubirch/ubirch-protocol-go/ubirch/v2 v2.0.2/go.mod h1:T5ydah5MSdI0lB2kPLnzKmE6Gi6CR+k+uLBtCWhKWBk=
github.com/ugorji/go v1.1.7 h1:/68gy2h+1mWMrwZFeD1kQialdSzAb432dtpeJ42ovdo=
github.com/ugorji/go v1.1.7/go.mod h1:kZn38zHttfInRq0xu/PH0az30d+z6vm202qpg1oXVMw=
github.com/ugorji/go/codec v1.1.7 h1:2SvQaVZ1ouYrrKKwoSk2pzd4A9evlKJb9oTL+OaLUSs=
github.com/ugorji/go/codec v1.1.7/go.mod h1:Ax+UKWsSmolVDwsd+7N3ZtXu+yMGCf907BLYF3GoBXY=
golang.org/x/crypto v0.0.0-20190308221718-c2843e01d9a2/go.mod h1:djNgcEr1/C05ACkg1iLfiJU5Ep61QUkGW8qpdssI0+w=
golang.org/x/net v0.0.0-20191014212845-da9a3fd4c582 h1:p9xBe/w/OzkeYVKm234g55gMdD1nSIooTir5kV11kfA=
golang.org/x/net v0.0.0-20191014212845-da9a3fd4c582/go.mod h1:z5CRVTTTmAJ677TzLLGU+0bjPO0LkuOLi4/5GtJWs/s=
golang.org/x/net v0.0.0-20191021144547-ec77196f6094 h1:5O4U9trLjNpuhpynaDsqwCk+Tw6seqJz1EbqbnzHrc8=
golang.org/x/net v0.0.0-20191021144547-ec77196f6094/go.mod h1:z5CRVTTTmAJ677TzLLGU+0bjPO0LkuOLi4/5GtJWs/s=
golang.org/x/sys v0.0.0-20190215142949-d0b11bdaac8a/go.mod h1:STP8DvDyc/dI5b8T5hshtkjS+E42TnysNCUPdjciGhY=
golang.org/x/text v0.3.0/go.mod h1:NqM8EUOU14njkJ3fqMW+pc6Ldnwhi/IjpwHt7yyuwOQ=
